
Microsoft Visual Studio Solution File, Format Version 12.00
Project("{2150E333-8FDC-42A3-9474-1A3956D46DE8}") = "Microservices", "Microservices", "{8A044DC5-B1C7-4D06-B606-A69EBAB86EDF}"
EndProject
Project("{2150E333-8FDC-42A3-9474-1A3956D46DE8}") = "Domain", "Domain", "{B02034E2-274A-49A8-9D28-B4C8D7F5682F}"
EndProject
Project("{2150E333-8FDC-42A3-9474-1A3956D46DE8}") = "Infra.Bus", "Infra.Bus", "{A4FDC7E9-B362-4162-ABB2-CFE488BDA559}"
EndProject
Project("{2150E333-8FDC-42A3-9474-1A3956D46DE8}") = "Infra.IoC", "Infra.IoC", "{6476A6DA-2543-469A-8492-48465B6560EA}"
EndProject
Project("{2150E333-8FDC-42A3-9474-1A3956D46DE8}") = "Presentation", "Presentation", "{1DCE36C8-3E9D-4328-BAF3-01330B3B1583}"
EndProject
Project("{FAE04EC0-301F-11D3-BF4B-00C04F79EFBC}") = "MicroRabbit.Domain.Core", "MicroRabbit.Domain.Core\MicroRabbit.Domain.Core.csproj", "{EEFE7800-DA65-4565-AB8A-A264EB60E915}"
EndProject
Project("{FAE04EC0-301F-11D3-BF4B-00C04F79EFBC}") = "MicroRabbit.Infra.Bus", "MicroRabbit.Infra.Bus\MicroRabbit.Infra.Bus.csproj", "{EB68F17B-589F-49C9-A03F-D836C27EAF67}"
EndProject
Project("{FAE04EC0-301F-11D3-BF4B-00C04F79EFBC}") = "MicroRabbit.Infra.IoC", "MicroRabbit.Infra.IoC\MicroRabbit.Infra.IoC.csproj", "{6F611A36-90F8-4F12-AA62-9DDD94B13A2A}"
EndProject
Project("{2150E333-8FDC-42A3-9474-1A3956D46DE8}") = "Banking", "Banking", "{A689FFB6-6E45-4B12-BCA0-3815CEC32D78}"
EndProject
Project("{2150E333-8FDC-42A3-9474-1A3956D46DE8}") = "Api", "Api", "{EB369284-9E4E-462B-97CB-DDF14D83FA27}"
EndProject
Project("{2150E333-8FDC-42A3-9474-1A3956D46DE8}") = "Domain", "Domain", "{BD29C526-C18C-4495-A828-AFA99086BC73}"
EndProject
Project("{2150E333-8FDC-42A3-9474-1A3956D46DE8}") = "Application", "Application", "{A3C77566-7B16-4310-9BEB-D86CAD6035BB}"
EndProject
Project("{2150E333-8FDC-42A3-9474-1A3956D46DE8}") = "Data", "Data", "{41BC3F38-5B49-4B09-94AB-A4B4E6931C47}"
EndProject
Project("{FAE04EC0-301F-11D3-BF4B-00C04F79EFBC}") = "MicroRabbit.Banking.Api", "MicroRabbit.Banking.Api\MicroRabbit.Banking.Api.csproj", "{8D3B86ED-8C8A-4A72-B604-39709C0717A2}"
EndProject
Project("{FAE04EC0-301F-11D3-BF4B-00C04F79EFBC}") = "MicroRabbit.Banking.Application", "MicroRabbit.Banking.Application\MicroRabbit.Banking.Application.csproj", "{8B2BE029-FC17-4DF2-8583-07C75F4F5660}"
EndProject
Project("{FAE04EC0-301F-11D3-BF4B-00C04F79EFBC}") = "MicroRabbit.Banking.Data", "MicroRabbit.Banking.Data\MicroRabbit.Banking.Data.csproj", "{973A64D6-E126-4F24-B454-43762F45D6CB}"
EndProject
Project("{FAE04EC0-301F-11D3-BF4B-00C04F79EFBC}") = "MicroRabbit.Banking.Domain", "MicroRabbit.Banking.Domain\MicroRabbit.Banking.Domain.csproj", "{1D003199-B358-43ED-B112-F8EAADAF1801}"
EndProject
Global
	GlobalSection(SolutionConfigurationPlatforms) = preSolution
		Debug|Any CPU = Debug|Any CPU
		Release|Any CPU = Release|Any CPU
	EndGlobalSection
	GlobalSection(NestedProjects) = preSolution
		{EEFE7800-DA65-4565-AB8A-A264EB60E915} = {B02034E2-274A-49A8-9D28-B4C8D7F5682F}
		{EB68F17B-589F-49C9-A03F-D836C27EAF67} = {A4FDC7E9-B362-4162-ABB2-CFE488BDA559}
		{6F611A36-90F8-4F12-AA62-9DDD94B13A2A} = {6476A6DA-2543-469A-8492-48465B6560EA}
		{A689FFB6-6E45-4B12-BCA0-3815CEC32D78} = {8A044DC5-B1C7-4D06-B606-A69EBAB86EDF}
		{EB369284-9E4E-462B-97CB-DDF14D83FA27} = {A689FFB6-6E45-4B12-BCA0-3815CEC32D78}
		{BD29C526-C18C-4495-A828-AFA99086BC73} = {A689FFB6-6E45-4B12-BCA0-3815CEC32D78}
		{A3C77566-7B16-4310-9BEB-D86CAD6035BB} = {A689FFB6-6E45-4B12-BCA0-3815CEC32D78}
		{41BC3F38-5B49-4B09-94AB-A4B4E6931C47} = {A689FFB6-6E45-4B12-BCA0-3815CEC32D78}
		{8D3B86ED-8C8A-4A72-B604-39709C0717A2} = {EB369284-9E4E-462B-97CB-DDF14D83FA27}
		{8B2BE029-FC17-4DF2-8583-07C75F4F5660} = {A3C77566-7B16-4310-9BEB-D86CAD6035BB}
		{973A64D6-E126-4F24-B454-43762F45D6CB} = {41BC3F38-5B49-4B09-94AB-A4B4E6931C47}
		{1D003199-B358-43ED-B112-F8EAADAF1801} = {BD29C526-C18C-4495-A828-AFA99086BC73}
	EndGlobalSection
	GlobalSection(ProjectConfigurationPlatforms) = postSolution
		{EEFE7800-DA65-4565-AB8A-A264EB60E915}.Debug|Any CPU.ActiveCfg = Debug|Any CPU
		{EEFE7800-DA65-4565-AB8A-A264EB60E915}.Debug|Any CPU.Build.0 = Debug|Any CPU
		{EEFE7800-DA65-4565-AB8A-A264EB60E915}.Release|Any CPU.ActiveCfg = Release|Any CPU
		{EEFE7800-DA65-4565-AB8A-A264EB60E915}.Release|Any CPU.Build.0 = Release|Any CPU
		{EB68F17B-589F-49C9-A03F-D836C27EAF67}.Debug|Any CPU.ActiveCfg = Debug|Any CPU
		{EB68F17B-589F-49C9-A03F-D836C27EAF67}.Debug|Any CPU.Build.0 = Debug|Any CPU
		{EB68F17B-589F-49C9-A03F-D836C27EAF67}.Release|Any CPU.ActiveCfg = Release|Any CPU
		{EB68F17B-589F-49C9-A03F-D836C27EAF67}.Release|Any CPU.Build.0 = Release|Any CPU
		{6F611A36-90F8-4F12-AA62-9DDD94B13A2A}.Debug|Any CPU.ActiveCfg = Debug|Any CPU
		{6F611A36-90F8-4F12-AA62-9DDD94B13A2A}.Debug|Any CPU.Build.0 = Debug|Any CPU
		{6F611A36-90F8-4F12-AA62-9DDD94B13A2A}.Release|Any CPU.ActiveCfg = Release|Any CPU
		{6F611A36-90F8-4F12-AA62-9DDD94B13A2A}.Release|Any CPU.Build.0 = Release|Any CPU
		{8D3B86ED-8C8A-4A72-B604-39709C0717A2}.Debug|Any CPU.ActiveCfg = Debug|Any CPU
		{8D3B86ED-8C8A-4A72-B604-39709C0717A2}.Debug|Any CPU.Build.0 = Debug|Any CPU
		{8D3B86ED-8C8A-4A72-B604-39709C0717A2}.Release|Any CPU.ActiveCfg = Release|Any CPU
		{8D3B86ED-8C8A-4A72-B604-39709C0717A2}.Release|Any CPU.Build.0 = Release|Any CPU
		{8B2BE029-FC17-4DF2-8583-07C75F4F5660}.Debug|Any CPU.ActiveCfg = Debug|Any CPU
		{8B2BE029-FC17-4DF2-8583-07C75F4F5660}.Debug|Any CPU.Build.0 = Debug|Any CPU
		{8B2BE029-FC17-4DF2-8583-07C75F4F5660}.Release|Any CPU.ActiveCfg = Release|Any CPU
		{8B2BE029-FC17-4DF2-8583-07C75F4F5660}.Release|Any CPU.Build.0 = Release|Any CPU
		{973A64D6-E126-4F24-B454-43762F45D6CB}.Debug|Any CPU.ActiveCfg = Debug|Any CPU
		{973A64D6-E126-4F24-B454-43762F45D6CB}.Debug|Any CPU.Build.0 = Debug|Any CPU
		{973A64D6-E126-4F24-B454-43762F45D6CB}.Release|Any CPU.ActiveCfg = Release|Any CPU
		{973A64D6-E126-4F24-B454-43762F45D6CB}.Release|Any CPU.Build.0 = Release|Any CPU
		{1D003199-B358-43ED-B112-F8EAADAF1801}.Debug|Any CPU.ActiveCfg = Debug|Any CPU
		{1D003199-B358-43ED-B112-F8EAADAF1801}.Debug|Any CPU.Build.0 = Debug|Any CPU
		{1D003199-B358-43ED-B112-F8EAADAF1801}.Release|Any CPU.ActiveCfg = Release|Any CPU
		{1D003199-B358-43ED-B112-F8EAADAF1801}.Release|Any CPU.Build.0 = Release|Any CPU
	EndGlobalSection
EndGlobal
